
Microsoft Visual Studio Solution File, Format Version 12.00
# Visual Studio Version 17
VisualStudioVersion = 17.6.33723.286
MinimumVisualStudioVersion = 10.0.40219.1
Project("{9A19103F-16F7-4668-BE54-9A1E7A4F7556}") = "Simulator", "Simulator\Simulator.csproj", "{5A854350-DDED-41F1-B5CD-1CC562BFF96C}"
EndProject
Global
	GlobalSection(SolutionConfigurationPlatforms) = preSolution
		Debug|Any CPU = Debug|Any CPU
		Release|Any CPU = Release|Any CPU
	EndGlobalSection
	GlobalSection(ProjectConfigurationPlatforms) = postSolution
		{5A854350-DDED-41F1-B5CD-1CC562BFF96C}.Debug|Any CPU.ActiveCfg = Debug|Any CPU
		{5A854350-DDED-41F1-B5CD-1CC562BFF96C}.Debug|Any CPU.Build.0 = Debug|Any CPU
		{5A854350-DDED-41F1-B5CD-1CC562BFF96C}.Release|Any CPU.ActiveCfg = Release|Any CPU
		{5A854350-DDED-41F1-B5CD-1CC562BFF96C}.Release|Any CPU.Build.0 = Release|Any CPU
	EndGlobalSection
	GlobalSection(SolutionProperties) = preSolution
		HideSolutionNode = FALSE
	EndGlobalSection
	GlobalSection(ExtensibilityGlobals) = postSolution
		SolutionGuid = {66C89E47-1E3A-4F40-8339-8A043D497E0F}
	EndGlobalSection
EndGlobal
